
Microsoft Visual Studio Solution File, Format Version 12.00
# Visual Studio 15
VisualStudioVersion = 15.0.28307.1259
MinimumVisualStudioVersion = 10.0.40219.1
Project("{8BC9CEB8-8B4A-11D0-8D11-00A0C91BC942}") = "Common", "Common\Common.vcxitems", "{A8469FD8-F218-4E97-A9B1-20ACBD7F2E21}"
EndProject
Project("{8BC9CEB8-8B4A-11D0-8D11-00A0C91BC942}") = "Transfer", "Transfer\Transfer.vcxproj", "{EBBF09C2-AE91-4176-812F-A38ADA6B5D84}"
EndProject
Project("{8BC9CEB8-8B4A-11D0-8D11-00A0C91BC942}") = "Grabber", "Grabber\Grabber.vcxproj", "{432D8222-DF42-447F-B62F-C9EC39C30178}"
	ProjectSection(ProjectDependencies) = postProject
		{EBBF09C2-AE91-4176-812F-A38ADA6B5D84} = {EBBF09C2-AE91-4176-812F-A38ADA6B5D84}
	EndProjectSection
EndProject
Project("{8BC9CEB8-8B4A-11D0-8D11-00A0C91BC942}") = "GrabberStApi", "GrabberStApi\GrabberStApi.vcxproj", "{C9114BF8-5D6A-495E-AB99-90937262E21B}"
	ProjectSection(ProjectDependencies) = postProject
		{432D8222-DF42-447F-B62F-C9EC39C30178} = {432D8222-DF42-447F-B62F-C9EC39C30178}
	EndProjectSection
EndProject
Project("{8BC9CEB8-8B4A-11D0-8D11-00A0C91BC942}") = "Io", "Io\Io.vcxproj", "{FE10CE76-9136-49C3-8413-C27880BB347A}"
	ProjectSection(ProjectDependencies) = postProject
		{EBBF09C2-AE91-4176-812F-A38ADA6B5D84} = {EBBF09C2-AE91-4176-812F-A38ADA6B5D84}
	EndProjectSection
EndProject
Project("{8BC9CEB8-8B4A-11D0-8D11-00A0C91BC942}") = "Device", "Device\Device.vcxitems", "{4146DE32-6AA0-4118-9513-E8439AEC41BB}"
EndProject
Project("{8BC9CEB8-8B4A-11D0-8D11-00A0C91BC942}") = "Exception", "Exception\Exception.vcxitems", "{81E78F0F-D217-4D29-AB68-C80FAFFA91BC}"
EndProject
Project("{8BC9CEB8-8B4A-11D0-8D11-00A0C91BC942}") = "Thread", "Thread\Thread.vcxitems", "{9415D4DC-1781-41C8-967E-D3A9236A3FA9}"
EndProject
Project("{2150E333-8FDC-42A3-9474-1A3956D46DE8}") = "01_定義", "01_定義", "{D92DF6E1-3062-4EB4-B446-181770613C7B}"
EndProject
Project("{2150E333-8FDC-42A3-9474-1A3956D46DE8}") = "05_機器", "05_機器", "{3DC2595F-A3A6-4238-B089-8C2257FA19AF}"
EndProject
Project("{2150E333-8FDC-42A3-9474-1A3956D46DE8}") = "01_カメラ", "01_カメラ", "{C28D8737-64B8-465B-976D-6F5444ABDC22}"
EndProject
Project("{2150E333-8FDC-42A3-9474-1A3956D46DE8}") = "02_IO", "02_IO", "{F1D80E5C-A857-4768-A60C-85865C13A1BD}"
EndProject
Project("{2150E333-8FDC-42A3-9474-1A3956D46DE8}") = "04_ログ", "04_ログ", "{83443A72-DB23-444E-A1F1-8FC601300A82}"
EndProject
Project("{2150E333-8FDC-42A3-9474-1A3956D46DE8}") = "03_軸", "03_軸", "{57042014-AB7D-4C60-9C9C-5C2B066A8218}"
EndProject
Project("{8BC9CEB8-8B4A-11D0-8D11-00A0C91BC942}") = "Axis", "Axis\Axis.vcxproj", "{72334732-1934-4440-B443-EEC1A90D2036}"
	ProjectSection(ProjectDependencies) = postProject
		{EBBF09C2-AE91-4176-812F-A38ADA6B5D84} = {EBBF09C2-AE91-4176-812F-A38ADA6B5D84}
	EndProjectSection
EndProject
Project("{2150E333-8FDC-42A3-9474-1A3956D46DE8}") = "99_サンプル", "99_サンプル", "{B3DBCA41-47C8-4BD9-AACA-91A6D8ED2DF1}"
EndProject
Project("{8BC9CEB8-8B4A-11D0-8D11-00A0C91BC942}") = "Signal", "Signal\Signal.vcxitems", "{43311AC3-9981-4761-BC76-7A6625BB7ACE}"
EndProject
Project("{8BC9CEB8-8B4A-11D0-8D11-00A0C91BC942}") = "AxisMotionApi", "AxisMotionApi\AxisMotionApi.vcxproj", "{9521BC7C-9FA0-4B1B-872A-C1D672F93E84}"
	ProjectSection(ProjectDependencies) = postProject
		{72334732-1934-4440-B443-EEC1A90D2036} = {72334732-1934-4440-B443-EEC1A90D2036}
		{B995EB8F-75CF-4377-86DD-BFCB19DB7ADC} = {B995EB8F-75CF-4377-86DD-BFCB19DB7ADC}
	EndProjectSection
EndProject
Project("{8BC9CEB8-8B4A-11D0-8D11-00A0C91BC942}") = "SampleMfc", "SampleMfc\SampleMfc.vcxproj", "{799DB71A-CEE4-4899-95C9-C1720D1603A3}"
	ProjectSection(ProjectDependencies) = postProject
		{432D8222-DF42-447F-B62F-C9EC39C30178} = {432D8222-DF42-447F-B62F-C9EC39C30178}
		{72334732-1934-4440-B443-EEC1A90D2036} = {72334732-1934-4440-B443-EEC1A90D2036}
		{BCFFC13A-BE04-4CD7-ACD4-B75BA1E8F609} = {BCFFC13A-BE04-4CD7-ACD4-B75BA1E8F609}
		{EEFAD95C-AAE8-4912-9558-23BE5AFA550B} = {EEFAD95C-AAE8-4912-9558-23BE5AFA550B}
		{C22C4F6E-BA18-4661-9B8B-D325DACD0108} = {C22C4F6E-BA18-4661-9B8B-D325DACD0108}
		{FE10CE76-9136-49C3-8413-C27880BB347A} = {FE10CE76-9136-49C3-8413-C27880BB347A}
		{9521BC7C-9FA0-4B1B-872A-C1D672F93E84} = {9521BC7C-9FA0-4B1B-872A-C1D672F93E84}
		{C8843885-43B1-4212-90BA-735ABAAF84B4} = {C8843885-43B1-4212-90BA-735ABAAF84B4}
		{B995EB8F-75CF-4377-86DD-BFCB19DB7ADC} = {B995EB8F-75CF-4377-86DD-BFCB19DB7ADC}
		{D2059D99-8CCA-412F-8575-4368735A5DFF} = {D2059D99-8CCA-412F-8575-4368735A5DFF}
		{5BB6B9AE-62A8-42B8-92F8-24DF2670FFA8} = {5BB6B9AE-62A8-42B8-92F8-24DF2670FFA8}
		{EBBF09C2-AE91-4176-812F-A38ADA6B5D84} = {EBBF09C2-AE91-4176-812F-A38ADA6B5D84}
		{DACAE8E6-03DF-4113-BC9A-81A38A29A493} = {DACAE8E6-03DF-4113-BC9A-81A38A29A493}
		{ECE748F0-9299-4975-80AE-84188EBF543F} = {ECE748F0-9299-4975-80AE-84188EBF543F}
		{C9114BF8-5D6A-495E-AB99-90937262E21B} = {C9114BF8-5D6A-495E-AB99-90937262E21B}
	EndProjectSection
EndProject
Project("{2150E333-8FDC-42A3-9474-1A3956D46DE8}") = "04_PLC", "04_PLC", "{5C98F8BB-CEED-4159-AE7A-3DD2600AD784}"
EndProject
Project("{8BC9CEB8-8B4A-11D0-8D11-00A0C91BC942}") = "Plc", "Plc\Plc.vcxproj", "{D2059D99-8CCA-412F-8575-4368735A5DFF}"
	ProjectSection(ProjectDependencies) = postProject
		{EBBF09C2-AE91-4176-812F-A38ADA6B5D84} = {EBBF09C2-AE91-4176-812F-A38ADA6B5D84}
	EndProjectSection
EndProject
Project("{8BC9CEB8-8B4A-11D0-8D11-00A0C91BC942}") = "PlcMotionApi", "PlcMotionApi\PlcMotionApi.vcxproj", "{C22C4F6E-BA18-4661-9B8B-D325DACD0108}"
	ProjectSection(ProjectDependencies) = postProject
		{D2059D99-8CCA-412F-8575-4368735A5DFF} = {D2059D99-8CCA-412F-8575-4368735A5DFF}
	EndProjectSection
EndProject
Project("{8BC9CEB8-8B4A-11D0-8D11-00A0C91BC942}") = "WrapperMotionApi", "WrapperMotionApi\WrapperMotionApi.vcxproj", "{B995EB8F-75CF-4377-86DD-BFCB19DB7ADC}"
EndProject
Project("{8BC9CEB8-8B4A-11D0-8D11-00A0C91BC942}") = "IoMotionApi", "IoMotionApi\IoMotionApi.vcxproj", "{EEFAD95C-AAE8-4912-9558-23BE5AFA550B}"
	ProjectSection(ProjectDependencies) = postProject
		{FE10CE76-9136-49C3-8413-C27880BB347A} = {FE10CE76-9136-49C3-8413-C27880BB347A}
		{B995EB8F-75CF-4377-86DD-BFCB19DB7ADC} = {B995EB8F-75CF-4377-86DD-BFCB19DB7ADC}
	EndProjectSection
EndProject
Project("{8BC9CEB8-8B4A-11D0-8D11-00A0C91BC942}") = "Standard", "Standard\Standard.vcxproj", "{BCFFC13A-BE04-4CD7-ACD4-B75BA1E8F609}"
EndProject
Project("{2150E333-8FDC-42A3-9474-1A3956D46DE8}") = "03_基礎", "03_基礎", "{A4522E0E-577C-4854-A9DB-07960ABB1CC6}"
EndProject
Project("{8BC9CEB8-8B4A-11D0-8D11-00A0C91BC942}") = "AxisPolingSample", "AxisPolingSample\AxisPolingSample.vcxproj", "{ECE748F0-9299-4975-80AE-84188EBF543F}"
	ProjectSection(ProjectDependencies) = postProject
		{72334732-1934-4440-B443-EEC1A90D2036} = {72334732-1934-4440-B443-EEC1A90D2036}
	EndProjectSection
EndProject
Project("{2150E333-8FDC-42A3-9474-1A3956D46DE8}") = "02.テンプレート", "02.テンプレート", "{5AF1FA3D-1185-4D1E-A1FA-1772B20669BF}"
EndProject
Project("{8BC9CEB8-8B4A-11D0-8D11-00A0C91BC942}") = "Notice", "Notice\Notice.vcxitems", "{A77B073F-C9FB-4204-9C8C-E96642274BF9}"
EndProject
Project("{8BC9CEB8-8B4A-11D0-8D11-00A0C91BC942}") = "IoSample", "IoSample\IoSample.vcxproj", "{5BB6B9AE-62A8-42B8-92F8-24DF2670FFA8}"
	ProjectSection(ProjectDependencies) = postProject
		{FE10CE76-9136-49C3-8413-C27880BB347A} = {FE10CE76-9136-49C3-8413-C27880BB347A}
	EndProjectSection
EndProject
Project("{8BC9CEB8-8B4A-11D0-8D11-00A0C91BC942}") = "GrabberSample", "GrabberSample\GrabberSample.vcxproj", "{DACAE8E6-03DF-4113-BC9A-81A38A29A493}"
	ProjectSection(ProjectDependencies) = postProject
		{432D8222-DF42-447F-B62F-C9EC39C30178} = {432D8222-DF42-447F-B62F-C9EC39C30178}
	EndProjectSection
EndProject
Project("{8BC9CEB8-8B4A-11D0-8D11-00A0C91BC942}") = "Onnx", "Onnx\Onnx.vcxproj", "{C8843885-43B1-4212-90BA-735ABAAF84B4}"
	ProjectSection(ProjectDependencies) = postProject
		{EBBF09C2-AE91-4176-812F-A38ADA6B5D84} = {EBBF09C2-AE91-4176-812F-A38ADA6B5D84}
	EndProjectSection
EndProject
Project("{8BC9CEB8-8B4A-11D0-8D11-00A0C91BC942}") = "SamplePlc", "サンプル\SamplePlc\SamplePlc.vcxproj", "{5235FB61-9543-4292-86FA-0D1A33B8E90D}"
	ProjectSection(ProjectDependencies) = postProject
		{EEFAD95C-AAE8-4912-9558-23BE5AFA550B} = {EEFAD95C-AAE8-4912-9558-23BE5AFA550B}
	EndProjectSection
EndProject
Global
	GlobalSection(SolutionConfigurationPlatforms) = preSolution
		Debug|x64 = Debug|x64
		Release|x64 = Release|x64
	EndGlobalSection
	GlobalSection(ProjectConfigurationPlatforms) = postSolution
		{EBBF09C2-AE91-4176-812F-A38ADA6B5D84}.Debug|x64.ActiveCfg = Debug|x64
		{EBBF09C2-AE91-4176-812F-A38ADA6B5D84}.Debug|x64.Build.0 = Debug|x64
		{EBBF09C2-AE91-4176-812F-A38ADA6B5D84}.Release|x64.ActiveCfg = Release|x64
		{EBBF09C2-AE91-4176-812F-A38ADA6B5D84}.Release|x64.Build.0 = Release|x64
		{432D8222-DF42-447F-B62F-C9EC39C30178}.Debug|x64.ActiveCfg = Debug|x64
		{432D8222-DF42-447F-B62F-C9EC39C30178}.Debug|x64.Build.0 = Debug|x64
		{432D8222-DF42-447F-B62F-C9EC39C30178}.Release|x64.ActiveCfg = Release|x64
		{432D8222-DF42-447F-B62F-C9EC39C30178}.Release|x64.Build.0 = Release|x64
		{C9114BF8-5D6A-495E-AB99-90937262E21B}.Debug|x64.ActiveCfg = Debug|x64
		{C9114BF8-5D6A-495E-AB99-90937262E21B}.Debug|x64.Build.0 = Debug|x64
		{C9114BF8-5D6A-495E-AB99-90937262E21B}.Release|x64.ActiveCfg = Release|x64
		{C9114BF8-5D6A-495E-AB99-90937262E21B}.Release|x64.Build.0 = Release|x64
		{FE10CE76-9136-49C3-8413-C27880BB347A}.Debug|x64.ActiveCfg = Debug|x64
		{FE10CE76-9136-49C3-8413-C27880BB347A}.Debug|x64.Build.0 = Debug|x64
		{FE10CE76-9136-49C3-8413-C27880BB347A}.Release|x64.ActiveCfg = Release|x64
		{FE10CE76-9136-49C3-8413-C27880BB347A}.Release|x64.Build.0 = Release|x64
		{72334732-1934-4440-B443-EEC1A90D2036}.Debug|x64.ActiveCfg = Debug|x64
		{72334732-1934-4440-B443-EEC1A90D2036}.Debug|x64.Build.0 = Debug|x64
		{72334732-1934-4440-B443-EEC1A90D2036}.Release|x64.ActiveCfg = Release|x64
		{72334732-1934-4440-B443-EEC1A90D2036}.Release|x64.Build.0 = Release|x64
		{9521BC7C-9FA0-4B1B-872A-C1D672F93E84}.Debug|x64.ActiveCfg = Debug|x64
		{9521BC7C-9FA0-4B1B-872A-C1D672F93E84}.Debug|x64.Build.0 = Debug|x64
		{9521BC7C-9FA0-4B1B-872A-C1D672F93E84}.Release|x64.ActiveCfg = Release|x64
		{9521BC7C-9FA0-4B1B-872A-C1D672F93E84}.Release|x64.Build.0 = Release|x64
		{799DB71A-CEE4-4899-95C9-C1720D1603A3}.Debug|x64.ActiveCfg = Debug|x64
		{799DB71A-CEE4-4899-95C9-C1720D1603A3}.Debug|x64.Build.0 = Debug|x64
		{799DB71A-CEE4-4899-95C9-C1720D1603A3}.Release|x64.ActiveCfg = Release|x64
		{799DB71A-CEE4-4899-95C9-C1720D1603A3}.Release|x64.Build.0 = Release|x64
		{D2059D99-8CCA-412F-8575-4368735A5DFF}.Debug|x64.ActiveCfg = Debug|x64
		{D2059D99-8CCA-412F-8575-4368735A5DFF}.Debug|x64.Build.0 = Debug|x64
		{D2059D99-8CCA-412F-8575-4368735A5DFF}.Release|x64.ActiveCfg = Release|x64
		{D2059D99-8CCA-412F-8575-4368735A5DFF}.Release|x64.Build.0 = Release|x64
		{C22C4F6E-BA18-4661-9B8B-D325DACD0108}.Debug|x64.ActiveCfg = Debug|x64
		{C22C4F6E-BA18-4661-9B8B-D325DACD0108}.Debug|x64.Build.0 = Debug|x64
		{C22C4F6E-BA18-4661-9B8B-D325DACD0108}.Release|x64.ActiveCfg = Release|x64
		{C22C4F6E-BA18-4661-9B8B-D325DACD0108}.Release|x64.Build.0 = Release|x64
		{B995EB8F-75CF-4377-86DD-BFCB19DB7ADC}.Debug|x64.ActiveCfg = Debug|x64
		{B995EB8F-75CF-4377-86DD-BFCB19DB7ADC}.Debug|x64.Build.0 = Debug|x64
		{B995EB8F-75CF-4377-86DD-BFCB19DB7ADC}.Release|x64.ActiveCfg = Release|x64
		{B995EB8F-75CF-4377-86DD-BFCB19DB7ADC}.Release|x64.Build.0 = Release|x64
		{EEFAD95C-AAE8-4912-9558-23BE5AFA550B}.Debug|x64.ActiveCfg = Debug|x64
		{EEFAD95C-AAE8-4912-9558-23BE5AFA550B}.Debug|x64.Build.0 = Debug|x64
		{EEFAD95C-AAE8-4912-9558-23BE5AFA550B}.Release|x64.ActiveCfg = Release|x64
		{EEFAD95C-AAE8-4912-9558-23BE5AFA550B}.Release|x64.Build.0 = Release|x64
		{BCFFC13A-BE04-4CD7-ACD4-B75BA1E8F609}.Debug|x64.ActiveCfg = Debug|x64
		{BCFFC13A-BE04-4CD7-ACD4-B75BA1E8F609}.Debug|x64.Build.0 = Debug|x64
		{BCFFC13A-BE04-4CD7-ACD4-B75BA1E8F609}.Release|x64.ActiveCfg = Release|x64
		{BCFFC13A-BE04-4CD7-ACD4-B75BA1E8F609}.Release|x64.Build.0 = Release|x64
		{ECE748F0-9299-4975-80AE-84188EBF543F}.Debug|x64.ActiveCfg = Debug|x64
		{ECE748F0-9299-4975-80AE-84188EBF543F}.Debug|x64.Build.0 = Debug|x64
		{ECE748F0-9299-4975-80AE-84188EBF543F}.Release|x64.ActiveCfg = Release|x64
		{ECE748F0-9299-4975-80AE-84188EBF543F}.Release|x64.Build.0 = Release|x64
		{5BB6B9AE-62A8-42B8-92F8-24DF2670FFA8}.Debug|x64.ActiveCfg = Debug|x64
		{5BB6B9AE-62A8-42B8-92F8-24DF2670FFA8}.Debug|x64.Build.0 = Debug|x64
		{5BB6B9AE-62A8-42B8-92F8-24DF2670FFA8}.Release|x64.ActiveCfg = Release|x64
		{5BB6B9AE-62A8-42B8-92F8-24DF2670FFA8}.Release|x64.Build.0 = Release|x64
		{DACAE8E6-03DF-4113-BC9A-81A38A29A493}.Debug|x64.ActiveCfg = Debug|x64
		{DACAE8E6-03DF-4113-BC9A-81A38A29A493}.Debug|x64.Build.0 = Debug|x64
		{DACAE8E6-03DF-4113-BC9A-81A38A29A493}.Release|x64.ActiveCfg = Release|x64
		{DACAE8E6-03DF-4113-BC9A-81A38A29A493}.Release|x64.Build.0 = Release|x64
		{C8843885-43B1-4212-90BA-735ABAAF84B4}.Debug|x64.ActiveCfg = Debug|x64
		{C8843885-43B1-4212-90BA-735ABAAF84B4}.Debug|x64.Build.0 = Debug|x64
		{C8843885-43B1-4212-90BA-735ABAAF84B4}.Release|x64.ActiveCfg = Release|x64
		{C8843885-43B1-4212-90BA-735ABAAF84B4}.Release|x64.Build.0 = Release|x64
		{5235FB61-9543-4292-86FA-0D1A33B8E90D}.Debug|x64.ActiveCfg = Debug|x64
		{5235FB61-9543-4292-86FA-0D1A33B8E90D}.Debug|x64.Build.0 = Debug|x64
		{5235FB61-9543-4292-86FA-0D1A33B8E90D}.Release|x64.ActiveCfg = Release|x64
		{5235FB61-9543-4292-86FA-0D1A33B8E90D}.Release|x64.Build.0 = Release|x64
	EndGlobalSection
	GlobalSection(SolutionProperties) = preSolution
		HideSolutionNode = FALSE
	EndGlobalSection
	GlobalSection(NestedProjects) = preSolution
		{A8469FD8-F218-4E97-A9B1-20ACBD7F2E21} = {D92DF6E1-3062-4EB4-B446-181770613C7B}
		{EBBF09C2-AE91-4176-812F-A38ADA6B5D84} = {83443A72-DB23-444E-A1F1-8FC601300A82}
		{432D8222-DF42-447F-B62F-C9EC39C30178} = {C28D8737-64B8-465B-976D-6F5444ABDC22}
		{C9114BF8-5D6A-495E-AB99-90937262E21B} = {C28D8737-64B8-465B-976D-6F5444ABDC22}
		{FE10CE76-9136-49C3-8413-C27880BB347A} = {F1D80E5C-A857-4768-A60C-85865C13A1BD}
		{4146DE32-6AA0-4118-9513-E8439AEC41BB} = {5AF1FA3D-1185-4D1E-A1FA-1772B20669BF}
		{81E78F0F-D217-4D29-AB68-C80FAFFA91BC} = {5AF1FA3D-1185-4D1E-A1FA-1772B20669BF}
		{9415D4DC-1781-41C8-967E-D3A9236A3FA9} = {5AF1FA3D-1185-4D1E-A1FA-1772B20669BF}
		{C28D8737-64B8-465B-976D-6F5444ABDC22} = {3DC2595F-A3A6-4238-B089-8C2257FA19AF}
		{F1D80E5C-A857-4768-A60C-85865C13A1BD} = {3DC2595F-A3A6-4238-B089-8C2257FA19AF}
		{57042014-AB7D-4C60-9C9C-5C2B066A8218} = {3DC2595F-A3A6-4238-B089-8C2257FA19AF}
		{72334732-1934-4440-B443-EEC1A90D2036} = {57042014-AB7D-4C60-9C9C-5C2B066A8218}
		{43311AC3-9981-4761-BC76-7A6625BB7ACE} = {5AF1FA3D-1185-4D1E-A1FA-1772B20669BF}
		{9521BC7C-9FA0-4B1B-872A-C1D672F93E84} = {57042014-AB7D-4C60-9C9C-5C2B066A8218}
		{799DB71A-CEE4-4899-95C9-C1720D1603A3} = {B3DBCA41-47C8-4BD9-AACA-91A6D8ED2DF1}
		{5C98F8BB-CEED-4159-AE7A-3DD2600AD784} = {3DC2595F-A3A6-4238-B089-8C2257FA19AF}
		{D2059D99-8CCA-412F-8575-4368735A5DFF} = {5C98F8BB-CEED-4159-AE7A-3DD2600AD784}
		{C22C4F6E-BA18-4661-9B8B-D325DACD0108} = {5C98F8BB-CEED-4159-AE7A-3DD2600AD784}
		{B995EB8F-75CF-4377-86DD-BFCB19DB7ADC} = {5C98F8BB-CEED-4159-AE7A-3DD2600AD784}
		{EEFAD95C-AAE8-4912-9558-23BE5AFA550B} = {F1D80E5C-A857-4768-A60C-85865C13A1BD}
		{BCFFC13A-BE04-4CD7-ACD4-B75BA1E8F609} = {A4522E0E-577C-4854-A9DB-07960ABB1CC6}
		{ECE748F0-9299-4975-80AE-84188EBF543F} = {57042014-AB7D-4C60-9C9C-5C2B066A8218}
		{A77B073F-C9FB-4204-9C8C-E96642274BF9} = {5AF1FA3D-1185-4D1E-A1FA-1772B20669BF}
		{5BB6B9AE-62A8-42B8-92F8-24DF2670FFA8} = {F1D80E5C-A857-4768-A60C-85865C13A1BD}
		{DACAE8E6-03DF-4113-BC9A-81A38A29A493} = {C28D8737-64B8-465B-976D-6F5444ABDC22}
		{5235FB61-9543-4292-86FA-0D1A33B8E90D} = {B3DBCA41-47C8-4BD9-AACA-91A6D8ED2DF1}
	EndGlobalSection
	GlobalSection(ExtensibilityGlobals) = postSolution
		SolutionGuid = {B7905223-0665-4948-B1CC-94C872F38CBE}
	EndGlobalSection
EndGlobal
